
Microsoft Visual Studio Solution File, Format Version 12.00
# Visual Studio Version 17
VisualStudioVersion = 17.13.35828.75 d17.13
MinimumVisualStudioVersion = 10.0.40219.1
Project("{FAE04EC0-301F-11D3-BF4B-00C04F79EFBC}") = "Maakalkulaator", "Maakalkulaator\Maakalkulaator.csproj", "{32E254F2-7E5C-49C1-B7AF-30462D422EBE}"
EndProject
Global
	GlobalSection(SolutionConfigurationPlatforms) = preSolution
		Debug|Any CPU = Debug|Any CPU
		Release|Any CPU = Release|Any CPU
	EndGlobalSection
	GlobalSection(ProjectConfigurationPlatforms) = postSolution
		{32E254F2-7E5C-49C1-B7AF-30462D422EBE}.Debug|Any CPU.ActiveCfg = Debug|Any CPU
		{32E254F2-7E5C-49C1-B7AF-30462D422EBE}.Debug|Any CPU.Build.0 = Debug|Any CPU
		{32E254F2-7E5C-49C1-B7AF-30462D422EBE}.Release|Any CPU.ActiveCfg = Release|Any CPU
		{32E254F2-7E5C-49C1-B7AF-30462D422EBE}.Release|Any CPU.Build.0 = Release|Any CPU
	EndGlobalSection
	GlobalSection(SolutionProperties) = preSolution
		HideSolutionNode = FALSE
	EndGlobalSection
	GlobalSection(ExtensibilityGlobals) = postSolution
		SolutionGuid = {D9FC3D53-0A11-40B1-8A70-604561D3351D}
	EndGlobalSection
EndGlobal
